
Microsoft Visual Studio Solution File, Format Version 12.00
# Visual Studio Version 17
VisualStudioVersion = 17.4.33205.214
MinimumVisualStudioVersion = 10.0.40219.1
Project("{9A19103F-16F7-4668-BE54-9A1E7A4F7556}") = "Complete", "Complete.csproj", "{744AB529-094E-43E3-9D0A-292088E4DC44}"
EndProject
Project("{2150E333-8FDC-42A3-9474-1A3956D46DE8}") = "Solution Items", "Solution Items", "{FF243A0A-4971-4627-B04D-B4564D8F18E8}"
	ProjectSection(SolutionItems) = preProject
		.editorconfig = .editorconfig
	EndProjectSection
EndProject
Global
	GlobalSection(SolutionConfigurationPlatforms) = preSolution
		Debug|Any CPU = Debug|Any CPU
		Release|Any CPU = Release|Any CPU
	EndGlobalSection
	GlobalSection(ProjectConfigurationPlatforms) = postSolution
		{744AB529-094E-43E3-9D0A-292088E4DC44}.Debug|Any CPU.ActiveCfg = Debug|Any CPU
		{744AB529-094E-43E3-9D0A-292088E4DC44}.Debug|Any CPU.Build.0 = Debug|Any CPU
		{744AB529-094E-43E3-9D0A-292088E4DC44}.Release|Any CPU.ActiveCfg = Release|Any CPU
		{744AB529-094E-43E3-9D0A-292088E4DC44}.Release|Any CPU.Build.0 = Release|Any CPU
	EndGlobalSection
	GlobalSection(SolutionProperties) = preSolution
		HideSolutionNode = FALSE
	EndGlobalSection
	GlobalSection(ExtensibilityGlobals) = postSolution
		SolutionGuid = {5841FFDC-41A7-496E-B9A2-E3D52997B8B6}
	EndGlobalSection
EndGlobal
